
Microsoft Visual Studio Solution File, Format Version 12.00
# Visual Studio 15
VisualStudioVersion = 15.0.28307.168
MinimumVisualStudioVersion = 10.0.40219.1
Project("{FAE04EC0-301F-11D3-BF4B-00C04F79EFBC}") = "denemeButtonColor", "denemeButtonColor\denemeButtonColor.csproj", "{7B6D609E-C299-41F6-BDC4-1F40294688B6}"
EndProject
Global
	GlobalSection(SolutionConfigurationPlatforms) = preSolution
		Debug|Any CPU = Debug|Any CPU
		Release|Any CPU = Release|Any CPU
	EndGlobalSection
	GlobalSection(ProjectConfigurationPlatforms) = postSolution
		{7B6D609E-C299-41F6-BDC4-1F40294688B6}.Debug|Any CPU.ActiveCfg = Debug|Any CPU
		{7B6D609E-C299-41F6-BDC4-1F40294688B6}.Debug|Any CPU.Build.0 = Debug|Any CPU
		{7B6D609E-C299-41F6-BDC4-1F40294688B6}.Release|Any CPU.ActiveCfg = Release|Any CPU
		{7B6D609E-C299-41F6-BDC4-1F40294688B6}.Release|Any CPU.Build.0 = Release|Any CPU
	EndGlobalSection
	GlobalSection(SolutionProperties) = preSolution
		HideSolutionNode = FALSE
	EndGlobalSection
	GlobalSection(ExtensibilityGlobals) = postSolution
		SolutionGuid = {0A1287F8-17B7-4819-BA4A-E0A85009C873}
	EndGlobalSection
EndGlobal
