
Microsoft Visual Studio Solution File, Format Version 12.00
# Visual Studio 15
VisualStudioVersion = 15.0.28010.2026
MinimumVisualStudioVersion = 10.0.40219.1
Project("{FAE04EC0-301F-11D3-BF4B-00C04F79EFBC}") = "DenemeDelegateAndEvent", "DenemeDelegateAndEvent\DenemeDelegateAndEvent.csproj", "{EADFE669-8C92-4FD9-82CB-0C1D4807352B}"
EndProject
Global
	GlobalSection(SolutionConfigurationPlatforms) = preSolution
		Debug|Any CPU = Debug|Any CPU
		Release|Any CPU = Release|Any CPU
	EndGlobalSection
	GlobalSection(ProjectConfigurationPlatforms) = postSolution
		{EADFE669-8C92-4FD9-82CB-0C1D4807352B}.Debug|Any CPU.ActiveCfg = Debug|Any CPU
		{EADFE669-8C92-4FD9-82CB-0C1D4807352B}.Debug|Any CPU.Build.0 = Debug|Any CPU
		{EADFE669-8C92-4FD9-82CB-0C1D4807352B}.Release|Any CPU.ActiveCfg = Release|Any CPU
		{EADFE669-8C92-4FD9-82CB-0C1D4807352B}.Release|Any CPU.Build.0 = Release|Any CPU
	EndGlobalSection
	GlobalSection(SolutionProperties) = preSolution
		HideSolutionNode = FALSE
	EndGlobalSection
	GlobalSection(ExtensibilityGlobals) = postSolution
		SolutionGuid = {D53B135C-0A49-4710-B818-3F6FC5B0BC64}
	EndGlobalSection
EndGlobal
