
Microsoft Visual Studio Solution File, Format Version 12.00
# Visual Studio 15
VisualStudioVersion = 15.0.27428.2037
MinimumVisualStudioVersion = 10.0.40219.1
Project("{FAE04EC0-301F-11D3-BF4B-00C04F79EFBC}") = "DenemeSqlConnection", "DenemeSqlConnection\DenemeSqlConnection.csproj", "{4E87CB22-9B42-4266-9A04-19E19A811F4A}"
EndProject
Global
	GlobalSection(SolutionConfigurationPlatforms) = preSolution
		Debug|Any CPU = Debug|Any CPU
		Release|Any CPU = Release|Any CPU
	EndGlobalSection
	GlobalSection(ProjectConfigurationPlatforms) = postSolution
		{4E87CB22-9B42-4266-9A04-19E19A811F4A}.Debug|Any CPU.ActiveCfg = Debug|Any CPU
		{4E87CB22-9B42-4266-9A04-19E19A811F4A}.Debug|Any CPU.Build.0 = Debug|Any CPU
		{4E87CB22-9B42-4266-9A04-19E19A811F4A}.Release|Any CPU.ActiveCfg = Release|Any CPU
		{4E87CB22-9B42-4266-9A04-19E19A811F4A}.Release|Any CPU.Build.0 = Release|Any CPU
	EndGlobalSection
	GlobalSection(SolutionProperties) = preSolution
		HideSolutionNode = FALSE
	EndGlobalSection
	GlobalSection(ExtensibilityGlobals) = postSolution
		SolutionGuid = {95B5E1C9-E567-4796-97DD-7A58BF87B623}
	EndGlobalSection
EndGlobal
