
Microsoft Visual Studio Solution File, Format Version 12.00
# Visual Studio 15
VisualStudioVersion = 15.0.27428.2037
MinimumVisualStudioVersion = 10.0.40219.1
Project("{FAE04EC0-301F-11D3-BF4B-00C04F79EFBC}") = "DenemeNModbusConnection", "DenemeNModbusConnection\DenemeNModbusConnection.csproj", "{6C5DA367-B63C-4AEB-B20D-144336E4795A}"
EndProject
Global
	GlobalSection(SolutionConfigurationPlatforms) = preSolution
		Debug|Any CPU = Debug|Any CPU
		Release|Any CPU = Release|Any CPU
	EndGlobalSection
	GlobalSection(ProjectConfigurationPlatforms) = postSolution
		{6C5DA367-B63C-4AEB-B20D-144336E4795A}.Debug|Any CPU.ActiveCfg = Debug|Any CPU
		{6C5DA367-B63C-4AEB-B20D-144336E4795A}.Debug|Any CPU.Build.0 = Debug|Any CPU
		{6C5DA367-B63C-4AEB-B20D-144336E4795A}.Release|Any CPU.ActiveCfg = Release|Any CPU
		{6C5DA367-B63C-4AEB-B20D-144336E4795A}.Release|Any CPU.Build.0 = Release|Any CPU
	EndGlobalSection
	GlobalSection(SolutionProperties) = preSolution
		HideSolutionNode = FALSE
	EndGlobalSection
	GlobalSection(ExtensibilityGlobals) = postSolution
		SolutionGuid = {1B8C12D3-4FEE-4EC9-8884-025D141A7698}
	EndGlobalSection
EndGlobal
