
Microsoft Visual Studio Solution File, Format Version 12.00
# Visual Studio 15
VisualStudioVersion = 15.0.28010.2036
MinimumVisualStudioVersion = 10.0.40219.1
Project("{FAE04EC0-301F-11D3-BF4B-00C04F79EFBC}") = "DenemeSqlListener", "DenemeSqlListener\DenemeSqlListener.csproj", "{6CFFBB42-77D4-4C1F-80EA-68FB6EF980A5}"
EndProject
Global
	GlobalSection(SolutionConfigurationPlatforms) = preSolution
		Debug|Any CPU = Debug|Any CPU
		Release|Any CPU = Release|Any CPU
	EndGlobalSection
	GlobalSection(ProjectConfigurationPlatforms) = postSolution
		{6CFFBB42-77D4-4C1F-80EA-68FB6EF980A5}.Debug|Any CPU.ActiveCfg = Debug|Any CPU
		{6CFFBB42-77D4-4C1F-80EA-68FB6EF980A5}.Debug|Any CPU.Build.0 = Debug|Any CPU
		{6CFFBB42-77D4-4C1F-80EA-68FB6EF980A5}.Release|Any CPU.ActiveCfg = Release|Any CPU
		{6CFFBB42-77D4-4C1F-80EA-68FB6EF980A5}.Release|Any CPU.Build.0 = Release|Any CPU
	EndGlobalSection
	GlobalSection(SolutionProperties) = preSolution
		HideSolutionNode = FALSE
	EndGlobalSection
	GlobalSection(ExtensibilityGlobals) = postSolution
		SolutionGuid = {CE616568-84DC-4B4D-A5FC-35673E02B4DC}
	EndGlobalSection
EndGlobal
